{"1.1.0",
[{<<"datum">>,{pkg,<<"datum">>,<<"4.3.2">>},1},
 {<<"feta">>,
  {git,"https://github.com/fogfish/feta",
       {ref,"0621beb5ed4d02f1fe8b109c8a9fcbffc42c5730"}},
  1},
 {<<"goldrush">>,{pkg,<<"goldrush">>,<<"0.1.9">>},1},
 {<<"htcodec">>,
  {git,"https://github.com/kfsm/htcodec",
       {ref,"e3cd6f34869a1eee76677dfd16b04aace4dfd1b0"}},
  1},
 {<<"htstream">>,
  {git,"https://github.com/kfsm/htstream",
       {ref,"2a6519efd737eebb70cb9518335f4baf3f479913"}},
  1},
 {<<"jsx">>,{pkg,<<"jsx">>,<<"2.9.0">>},0},
 {<<"knet">>,
  {git,"https://github.com/fogfish/knet",
       {ref,"04e7bab4c0167e6d7565708b08361ae4645c3178"}},
  0},
 {<<"lager">>,{pkg,<<"lager">>,<<"3.6.1">>},0},
 {<<"meck">>,{pkg,<<"meck">>,<<"0.8.9">>},1},
 {<<"pipe">>,{pkg,<<"pipes">>,<<"1.7.0">>},1}]}.
[
{pkg_hash,[
 {<<"datum">>, <<"841549936326B2D660D267D52B3DC7B16457CC174CBACF57E655D79F4BAB924E">>},
 {<<"goldrush">>, <<"F06E5D5F1277DA5C413E84D5A2924174182FB108DABB39D5EC548B27424CD106">>},
 {<<"jsx">>, <<"D2F6E5F069C00266CAD52FB15D87C428579EA4D7D73A33669E12679E203329DD">>},
 {<<"lager">>, <<"9D29C5FF7F926D25ECD9899990867C9152DCF34EEE65BAC8EC0DFC0D16A26E0C">>},
 {<<"meck">>, <<"64C5C0BD8BCCA3A180B44196265C8ED7594E16BCC845D0698EC6B4E577F48188">>},
 {<<"pipe">>, <<"30648602EEBA882C566277593BC72EC503854A103A52880AB5C4C5039DFA27C3">>}]}
].
